
Microsoft Visual Studio Solution File, Format Version 12.00
# Visual Studio 15
VisualStudioVersion = 15.0.27703.2035
MinimumVisualStudioVersion = 10.0.40219.1
Project("{FAE04EC0-301F-11D3-BF4B-00C04F79EFBC}") = "MailClassLibrary", "MailClassLibrary\MailClassLibrary.csproj", "{80EF813C-1EA4-4691-B6D1-EA27DB1ECBEA}"
EndProject
Global
	GlobalSection(SolutionConfigurationPlatforms) = preSolution
		Debug|Any CPU = Debug|Any CPU
		Release|Any CPU = Release|Any CPU
	EndGlobalSection
	GlobalSection(ProjectConfigurationPlatforms) = postSolution
		{80EF813C-1EA4-4691-B6D1-EA27DB1ECBEA}.Debug|Any CPU.ActiveCfg = Debug|Any CPU
		{80EF813C-1EA4-4691-B6D1-EA27DB1ECBEA}.Debug|Any CPU.Build.0 = Debug|Any CPU
		{80EF813C-1EA4-4691-B6D1-EA27DB1ECBEA}.Release|Any CPU.ActiveCfg = Release|Any CPU
		{80EF813C-1EA4-4691-B6D1-EA27DB1ECBEA}.Release|Any CPU.Build.0 = Release|Any CPU
	EndGlobalSection
	GlobalSection(SolutionProperties) = preSolution
		HideSolutionNode = FALSE
	EndGlobalSection
	GlobalSection(ExtensibilityGlobals) = postSolution
		SolutionGuid = {F1BB366C-62BA-41A9-81BE-352A2885EB0C}
	EndGlobalSection
EndGlobal
